// !$*UTF8*$!
{
	archiveVersion = 1;
	classes = {
	};
	objectVersion = 50;
	objects = {

/* Begin PBXBuildFile section */
		34C75746212A035A009AD442 /* AppDelegate.swift in Sources */ = {isa = PBXBuildFile; fileRef = 34C75745212A035A009AD442 /* AppDelegate.swift */; };
		34C75748212A035A009AD442 /* MainViewController.swift in Sources */ = {isa = PBXBuildFile; fileRef = 34C75747212A035A009AD442 /* MainViewController.swift */; };
		34C7574B212A035A009AD442 /* Main.storyboard in Resources */ = {isa = PBXBuildFile; fileRef = 34C75749212A035A009AD442 /* Main.storyboard */; };
		34C7574E212A035A009AD442 /* WeatherSearchCity.xcdatamodeld in Sources */ = {isa = PBXBuildFile; fileRef = 34C7574C212A035A009AD442 /* WeatherSearchCity.xcdatamodeld */; };
		34C75750212A035B009AD442 /* Assets.xcassets in Resources */ = {isa = PBXBuildFile; fileRef = 34C7574F212A035B009AD442 /* Assets.xcassets */; };
		34C75753212A035B009AD442 /* LaunchScreen.storyboard in Resources */ = {isa = PBXBuildFile; fileRef = 34C75751212A035B009AD442 /* LaunchScreen.storyboard */; };
		34C7575E212A035B009AD442 /* WeatherSearchCityTests.swift in Sources */ = {isa = PBXBuildFile; fileRef = 34C7575D212A035B009AD442 /* WeatherSearchCityTests.swift */; };
		34C75769212A035B009AD442 /* WeatherSearchCityUITests.swift in Sources */ = {isa = PBXBuildFile; fileRef = 34C75768212A035B009AD442 /* WeatherSearchCityUITests.swift */; };
		34C75777212A0517009AD442 /* cityTableViewCell.swift in Sources */ = {isa = PBXBuildFile; fileRef = 34C75776212A0517009AD442 /* cityTableViewCell.swift */; };
		34C75779212A060F009AD442 /* FirstTableViewController.swift in Sources */ = {isa = PBXBuildFile; fileRef = 34C75778212A060F009AD442 /* FirstTableViewController.swift */; };
		34C7577B212A2340009AD442 /* SecondTableViewController.swift in Sources */ = {isa = PBXBuildFile; fileRef = 34C7577A212A2340009AD442 /* SecondTableViewController.swift */; };
		34C7577D212A23E8009AD442 /* weatherTableViewCell.swift in Sources */ = {isa = PBXBuildFile; fileRef = 34C7577C212A23E8009AD442 /* weatherTableViewCell.swift */; };
		34F48C35212A4F6E00D5FF8C /* resultTableViewCell.swift in Sources */ = {isa = PBXBuildFile; fileRef = 34F48C34212A4F6E00D5FF8C /* resultTableViewCell.swift */; };
		34F48C37212A4FDA00D5FF8C /* ResultTableViewController.swift in Sources */ = {isa = PBXBuildFile; fileRef = 34F48C36212A4FDA00D5FF8C /* ResultTableViewController.swift */; };
/* End PBXBuildFile section */

/* Begin PBXContainerItemProxy section */
		34C7575A212A035B009AD442 /* PBXContainerItemProxy */ = {
			isa = PBXContainerItemProxy;
			containerPortal = 34C7573A212A035A009AD442 /* Project object */;
			proxyType = 1;
			remoteGlobalIDString = 34C75741212A035A009AD442;
			remoteInfo = WeatherSearchCity;
		};
		34C75765212A035B009AD442 /* PBXContainerItemProxy */ = {
			isa = PBXContainerItemProxy;
			containerPortal = 34C7573A212A035A009AD442 /* Project object */;
			proxyType = 1;
			remoteGlobalIDString = 34C75741212A035A009AD442;
			remoteInfo = WeatherSearchCity;
		};
/* End PBXContainerItemProxy section */

/* Begin PBXFileReference section */
		34C75742212A035A009AD442 /* WeatherSearchCity.app */ = {isa = PBXFileReference; explicitFileType = wrapper.application; includeInIndex = 0; path = WeatherSearchCity.app; sourceTree = BUILT_PRODUCTS_DIR; };
		34C75745212A035A009AD442 /* AppDelegate.swift */ = {isa = PBXFileReference; lastKnownFileType = sourcecode.swift; path = AppDelegate.swift; sourceTree = "<group>"; };
		34C75747212A035A009AD442 /* MainViewController.swift */ = {isa = PBXFileReference; lastKnownFileType = sourcecode.swift; path = MainViewController.swift; sourceTree = "<group>"; };
		34C7574A212A035A009AD442 /* Base */ = {isa = PBXFileReference; lastKnownFileType = file.storyboard; name = Base; path = Base.lproj/Main.storyboard; sourceTree = "<group>"; };
		34C7574D212A035A009AD442 /* WeatherSearchCity.xcdatamodel */ = {isa = PBXFileReference; lastKnownFileType = wrapper.xcdatamodel; path = WeatherSearchCity.xcdatamodel; sourceTree = "<group>"; };
		34C7574F212A035B009AD442 /* Assets.xcassets */ = {isa = PBXFileReference; lastKnownFileType = folder.assetcatalog; path = Assets.xcassets; sourceTree = "<group>"; };
		34C75752212A035B009AD442 /* Base */ = {isa = PBXFileReference; lastKnownFileType = file.storyboard; name = Base; path = Base.lproj/LaunchScreen.storyboard; sourceTree = "<group>"; };
		34C75754212A035B009AD442 /* Info.plist */ = {isa = PBXFileReference; lastKnownFileType = text.plist.xml; path = Info.plist; sourceTree = "<group>"; };
		34C75759212A035B009AD442 /* WeatherSearchCityTests.xctest */ = {isa = PBXFileReference; explicitFileType = wrapper.cfbundle; includeInIndex = 0; path = WeatherSearchCityTests.xctest; sourceTree = BUILT_PRODUCTS_DIR; };
		34C7575D212A035B009AD442 /* WeatherSearchCityTests.swift */ = {isa = PBXFileReference; lastKnownFileType = sourcecode.swift; path = WeatherSearchCityTests.swift; sourceTree = "<group>"; };
		34C7575F212A035B009AD442 /* Info.plist */ = {isa = PBXFileReference; lastKnownFileType = text.plist.xml; path = Info.plist; sourceTree = "<group>"; };
		34C75764212A035B009AD442 /* WeatherSearchCityUITests.xctest */ = {isa = PBXFileReference; explicitFileType = wrapper.cfbundle; includeInIndex = 0; path = WeatherSearchCityUITests.xctest; sourceTree = BUILT_PRODUCTS_DIR; };
		34C75768212A035B009AD442 /* WeatherSearchCityUITests.swift */ = {isa = PBXFileReference; lastKnownFileType = sourcecode.swift; path = WeatherSearchCityUITests.swift; sourceTree = "<group>"; };
		34C7576A212A035B009AD442 /* Info.plist */ = {isa = PBXFileReference; lastKnownFileType = text.plist.xml; path = Info.plist; sourceTree = "<group>"; };
		34C75776212A0517009AD442 /* cityTableViewCell.swift */ = {isa = PBXFileReference; lastKnownFileType = sourcecode.swift; path = cityTableViewCell.swift; sourceTree = "<group>"; };
		34C75778212A060F009AD442 /* FirstTableViewController.swift */ = {isa = PBXFileReference; lastKnownFileType = sourcecode.swift; path = FirstTableViewController.swift; sourceTree = "<group>"; };
		34C7577A212A2340009AD442 /* SecondTableViewController.swift */ = {isa = PBXFileReference; lastKnownFileType = sourcecode.swift; path = SecondTableViewController.swift; sourceTree = "<group>"; };
		34C7577C212A23E8009AD442 /* weatherTableViewCell.swift */ = {isa = PBXFileReference; lastKnownFileType = sourcecode.swift; path = weatherTableViewCell.swift; sourceTree = "<group>"; };
		34F48C34212A4F6E00D5FF8C /* resultTableViewCell.swift */ = {isa = PBXFileReference; lastKnownFileType = sourcecode.swift; path = resultTableViewCell.swift; sourceTree = "<group>"; };
		34F48C36212A4FDA00D5FF8C /* ResultTableViewController.swift */ = {isa = PBXFileReference; lastKnownFileType = sourcecode.swift; path = ResultTableViewController.swift; sourceTree = "<group>"; };
/* End PBXFileReference section */

/* Begin PBXFrameworksBuildPhase section */
		34C7573F212A035A009AD442 /* Frameworks */ = {
			isa = PBXFrameworksBuildPhase;
			buildActionMask = 2147483647;
			files = (
			);
			runOnlyForDeploymentPostprocessing = 0;
		};
		34C75756212A035B009AD442 /* Frameworks */ = {
			isa = PBXFrameworksBuildPhase;
			buildActionMask = 2147483647;
			files = (
			);
			runOnlyForDeploymentPostprocessing = 0;
		};
		34C75761212A035B009AD442 /* Frameworks */ = {
			isa = PBXFrameworksBuildPhase;
			buildActionMask = 2147483647;
			files = (
			);
			runOnlyForDeploymentPostprocessing = 0;
		};
/* End PBXFrameworksBuildPhase section */

/* Begin PBXGroup section */
		34C75739212A035A009AD442 = {
			isa = PBXGroup;
			children = (
				34C75744212A035A009AD442 /* WeatherSearchCity */,
				34C7575C212A035B009AD442 /* WeatherSearchCityTests */,
				34C75767212A035B009AD442 /* WeatherSearchCityUITests */,
				34C75743212A035A009AD442 /* Products */,
			);
			sourceTree = "<group>";
		};
		34C75743212A035A009AD442 /* Products */ = {
			isa = PBXGroup;
			children = (
				34C75742212A035A009AD442 /* WeatherSearchCity.app */,
				34C75759212A035B009AD442 /* WeatherSearchCityTests.xctest */,
				34C75764212A035B009AD442 /* WeatherSearchCityUITests.xctest */,
			);
			name = Products;
			sourceTree = "<group>";
		};
		34C75744212A035A009AD442 /* WeatherSearchCity */ = {
			isa = PBXGroup;
			children = (
				34C75745212A035A009AD442 /* AppDelegate.swift */,
				34C75749212A035A009AD442 /* Main.storyboard */,
				34C75747212A035A009AD442 /* MainViewController.swift */,
				34C75778212A060F009AD442 /* FirstTableViewController.swift */,
				34C7577A212A2340009AD442 /* SecondTableViewController.swift */,
				34F48C36212A4FDA00D5FF8C /* ResultTableViewController.swift */,
				34C7577C212A23E8009AD442 /* weatherTableViewCell.swift */,
				34C75776212A0517009AD442 /* cityTableViewCell.swift */,
				34F48C34212A4F6E00D5FF8C /* resultTableViewCell.swift */,
				34C7574F212A035B009AD442 /* Assets.xcassets */,
				34C75751212A035B009AD442 /* LaunchScreen.storyboard */,
				34C75754212A035B009AD442 /* Info.plist */,
				34C7574C212A035A009AD442 /* WeatherSearchCity.xcdatamodeld */,
			);
			path = WeatherSearchCity;
			sourceTree = "<group>";
		};
		34C7575C212A035B009AD442 /* WeatherSearchCityTests */ = {
			isa = PBXGroup;
			children = (
				34C7575D212A035B009AD442 /* WeatherSearchCityTests.swift */,
				34C7575F212A035B009AD442 /* Info.plist */,
			);
			path = WeatherSearchCityTests;
			sourceTree = "<group>";
		};
		34C75767212A035B009AD442 /* WeatherSearchCityUITests */ = {
			isa = PBXGroup;
			children = (
				34C75768212A035B009AD442 /* WeatherSearchCityUITests.swift */,
				34C7576A212A035B009AD442 /* Info.plist */,
			);
			path = WeatherSearchCityUITests;
			sourceTree = "<group>";
		};
/* End PBXGroup section */

/* Begin PBXNativeTarget section */
		34C75741212A035A009AD442 /* WeatherSearchCity */ = {
			isa = PBXNativeTarget;
			buildConfigurationList = 34C7576D212A035B009AD442 /* Build configuration list for PBXNativeTarget "WeatherSearchCity" */;
			buildPhases = (
				34C7573E212A035A009AD442 /* Sources */,
				34C7573F212A035A009AD442 /* Frameworks */,
				34C75740212A035A009AD442 /* Resources */,
			);
			buildRules = (
			);
			dependencies = (
			);
			name = WeatherSearchCity;
			productName = WeatherSearchCity;
			productReference = 34C75742212A035A009AD442 /* WeatherSearchCity.app */;
			productType = "com.apple.product-type.application";
		};
		34C75758212A035B009AD442 /* WeatherSearchCityTests */ = {
			isa = PBXNativeTarget;
			buildConfigurationList = 34C75770212A035B009AD442 /* Build configuration list for PBXNativeTarget "WeatherSearchCityTests" */;
			buildPhases = (
				34C75755212A035B009AD442 /* Sources */,
				34C75756212A035B009AD442 /* Frameworks */,
				34C75757212A035B009AD442 /* Resources */,
			);
			buildRules = (
			);
			dependencies = (
				34C7575B212A035B009AD442 /* PBXTargetDependency */,
			);
			name = WeatherSearchCityTests;
			productName = WeatherSearchCityTests;
			productReference = 34C75759212A035B009AD442 /* WeatherSearchCityTests.xctest */;
			productType = "com.apple.product-type.bundle.unit-test";
		};
		34C75763212A035B009AD442 /* WeatherSearchCityUITests */ = {
			isa = PBXNativeTarget;
			buildConfigurationList = 34C75773212A035B009AD442 /* Build configuration list for PBXNativeTarget "WeatherSearchCityUITests" */;
			buildPhases = (
				34C75760212A035B009AD442 /* Sources */,
				34C75761212A035B009AD442 /* Frameworks */,
				34C75762212A035B009AD442 /* Resources */,
			);
			buildRules = (
			);
			dependencies = (
				34C75766212A035B009AD442 /* PBXTargetDependency */,
			);
			name = WeatherSearchCityUITests;
			productName = WeatherSearchCityUITests;
			productReference = 34C75764212A035B009AD442 /* WeatherSearchCityUITests.xctest */;
			productType = "com.apple.product-type.bundle.ui-testing";
		};
/* End PBXNativeTarget section */

/* Begin PBXProject section */
		34C7573A212A035A009AD442 /* Project object */ = {
			isa = PBXProject;
			attributes = {
				LastSwiftUpdateCheck = 0940;
				LastUpgradeCheck = 0940;
				ORGANIZATIONNAME = "Jason Zhao";
				TargetAttributes = {
					34C75741212A035A009AD442 = {
						CreatedOnToolsVersion = 9.4.1;
					};
					34C75758212A035B009AD442 = {
						CreatedOnToolsVersion = 9.4.1;
						TestTargetID = 34C75741212A035A009AD442;
					};
					34C75763212A035B009AD442 = {
						CreatedOnToolsVersion = 9.4.1;
						TestTargetID = 34C75741212A035A009AD442;
					};
				};
			};
			buildConfigurationList = 34C7573D212A035A009AD442 /* Build configuration list for PBXProject "WeatherSearchCity" */;
			compatibilityVersion = "Xcode 9.3";
			developmentRegion = en;
			hasScannedForEncodings = 0;
			knownRegions = (
				en,
				Base,
			);
			mainGroup = 34C75739212A035A009AD442;
			productRefGroup = 34C75743212A035A009AD442 /* Products */;
			projectDirPath = "";
			projectRoot = "";
			targets = (
				34C75741212A035A009AD442 /* WeatherSearchCity */,
				34C75758212A035B009AD442 /* WeatherSearchCityTests */,
				34C75763212A035B009AD442 /* WeatherSearchCityUITests */,
			);
		};
/* End PBXProject section */

/* Begin PBXResourcesBuildPhase section */
		34C75740212A035A009AD442 /* Resources */ = {
			isa = PBXResourcesBuildPhase;
			buildActionMask = 2147483647;
			files = (
				34C75753212A035B009AD442 /* LaunchScreen.storyboard in Resources */,
				34C75750212A035B009AD442 /* Assets.xcassets in Resources */,
				34C7574B212A035A009AD442 /* Main.storyboard in Resources */,
			);
			runOnlyForDeploymentPostprocessing = 0;
		};
		34C75757212A035B009AD442 /* Resources */ = {
			isa = PBXResourcesBuildPhase;
			buildActionMask = 2147483647;
			files = (
			);
			runOnlyForDeploymentPostprocessing = 0;
		};
		34C75762212A035B009AD442 /* Resources */ = {
			isa = PBXResourcesBuildPhase;
			buildActionMask = 2147483647;
			files = (
			);
			runOnlyForDeploymentPostprocessing = 0;
		};
/* End PBXResourcesBuildPhase section */

/* Begin PBXSourcesBuildPhase section */
		34C7573E212A035A009AD442 /* Sources */ = {
			isa = PBXSourcesBuildPhase;
			buildActionMask = 2147483647;
			files = (
				34C75779212A060F009AD442 /* FirstTableViewController.swift in Sources */,
				34C7577B212A2340009AD442 /* SecondTableViewController.swift in Sources */,
				34C7577D212A23E8009AD442 /* weatherTableViewCell.swift in Sources */,
				34C7574E212A035A009AD442 /* WeatherSearchCity.xcdatamodeld in Sources */,
				34C75777212A0517009AD442 /* cityTableViewCell.swift in Sources */,
				34F48C35212A4F6E00D5FF8C /* resultTableViewCell.swift in Sources */,
				34C75748212A035A009AD442 /* MainViewController.swift in Sources */,
				34F48C37212A4FDA00D5FF8C /* ResultTableViewController.swift in Sources */,
				34C75746212A035A009AD442 /* AppDelegate.swift in Sources */,
			);
			runOnlyForDeploymentPostprocessing = 0;
		};
		34C75755212A035B009AD442 /* Sources */ = {
			isa = PBXSourcesBuildPhase;
			buildActionMask = 2147483647;
			files = (
				34C7575E212A035B009AD442 /* WeatherSearchCityTests.swift in Sources */,
			);
			runOnlyForDeploymentPostprocessing = 0;
		};
		34C75760212A035B009AD442 /* Sources */ = {
			isa = PBXSourcesBuildPhase;
			buildActionMask = 2147483647;
			files = (
				34C75769212A035B009AD442 /* WeatherSearchCityUITests.swift in Sources */,
			);
			runOnlyForDeploymentPostprocessing = 0;
		};
/* End PBXSourcesBuildPhase section */

/* Begin PBXTargetDependency section */
		34C7575B212A035B009AD442 /* PBXTargetDependency */ = {
			isa = PBXTargetDependency;
			target = 34C75741212A035A009AD442 /* WeatherSearchCity */;
			targetProxy = 34C7575A212A035B009AD442 /* PBXContainerItemProxy */;
		};
		34C75766212A035B009AD442 /* PBXTargetDependency */ = {
			isa = PBXTargetDependency;
			target = 34C75741212A035A009AD442 /* WeatherSearchCity */;
			targetProxy = 34C75765212A035B009AD442 /* PBXContainerItemProxy */;
		};
/* End PBXTargetDependency section */

/* Begin PBXVariantGroup section */
		34C75749212A035A009AD442 /* Main.storyboard */ = {
			isa = PBXVariantGroup;
			children = (
				34C7574A212A035A009AD442 /* Base */,
			);
			name = Main.storyboard;
			sourceTree = "<group>";
		};
		34C75751212A035B009AD442 /* LaunchScreen.storyboard */ = {
			isa = PBXVariantGroup;
			children = (
				34C75752212A035B009AD442 /* Base */,
			);
			name = LaunchScreen.storyboard;
			sourceTree = "<group>";
		};
/* End PBXVariantGroup section */

/* Begin XCBuildConfiguration section */
		34C7576B212A035B009AD442 /* Debug */ = {
			isa = XCBuildConfiguration;
			buildSettings = {
				ALWAYS_SEARCH_USER_PATHS = NO;
				CLANG_ANALYZER_NONNULL = YES;
				CLANG_ANALYZER_NUMBER_OBJECT_CONVERSION = YES_AGGRESSIVE;
				CLANG_CXX_LANGUAGE_STANDARD = "gnu++14";
				CLANG_CXX_LIBRARY = "libc++";
				CLANG_ENABLE_MODULES = YES;
				CLANG_ENABLE_OBJC_ARC = YES;
				CLANG_ENABLE_OBJC_WEAK = YES;
				CLANG_WARN_BLOCK_CAPTURE_AUTORELEASING = YES;
				CLANG_WARN_BOOL_CONVERSION = YES;
				CLANG_WARN_COMMA = YES;
				CLANG_WARN_CONSTANT_CONVERSION = YES;
				CLANG_WARN_DEPRECATED_OBJC_IMPLEMENTATIONS = YES;
				CLANG_WARN_DIRECT_OBJC_ISA_USAGE = YES_ERROR;
				CLANG_WARN_DOCUMENTATION_COMMENTS = YES;
				CLANG_WARN_EMPTY_BODY = YES;
				CLANG_WARN_ENUM_CONVERSION = YES;
				CLANG_WARN_INFINITE_RECURSION = YES;
				CLANG_WARN_INT_CONVERSION = YES;
				CLANG_WARN_NON_LITERAL_NULL_CONVERSION = YES;
				CLANG_WARN_OBJC_IMPLICIT_RETAIN_SELF = YES;
				CLANG_WARN_OBJC_LITERAL_CONVERSION = YES;
				CLANG_WARN_OBJC_ROOT_CLASS = YES_ERROR;
				CLANG_WARN_RANGE_LOOP_ANALYSIS = YES;
				CLANG_WARN_STRICT_PROTOTYPES = YES;
				CLANG_WARN_SUSPICIOUS_MOVE = YES;
				CLANG_WARN_UNGUARDED_AVAILABILITY = YES_AGGRESSIVE;
				CLANG_WARN_UNREACHABLE_CODE = YES;
				CLANG_WARN__DUPLICATE_METHOD_MATCH = YES;
				CODE_SIGN_IDENTITY = "iPhone Developer";
				COPY_PHASE_STRIP = NO;
				DEBUG_INFORMATION_FORMAT = dwarf;
				ENABLE_STRICT_OBJC_MSGSEND = YES;
				ENABLE_TESTABILITY = YES;
				GCC_C_LANGUAGE_STANDARD = gnu11;
				GCC_DYNAMIC_NO_PIC = NO;
				GCC_NO_COMMON_BLOCKS = YES;
				GCC_OPTIMIZATION_LEVEL = 0;
				GCC_PREPROCESSOR_DEFINITIONS = (
					"DEBUG=1",
					"$(inherited)",
				);
				GCC_WARN_64_TO_32_BIT_CONVERSION = YES;
				GCC_WARN_ABOUT_RETURN_TYPE = YES_ERROR;
				GCC_WARN_UNDECLARED_SELECTOR = YES;
				GCC_WARN_UNINITIALIZED_AUTOS = YES_AGGRESSIVE;
				GCC_WARN_UNUSED_FUNCTION = YES;
				GCC_WARN_UNUSED_VARIABLE = YES;
				IPHONEOS_DEPLOYMENT_TARGET = 11.4;
				MTL_ENABLE_DEBUG_INFO = YES;
				ONLY_ACTIVE_ARCH = YES;
				SDKROOT = iphoneos;
				SWIFT_ACTIVE_COMPILATION_CONDITIONS = DEBUG;
				SWIFT_OPTIMIZATION_LEVEL = "-Onone";
			};
			name = Debug;
		};
		34C7576C212A035B009AD442 /* Release */ = {
			isa = XCBuildConfiguration;
			buildSettings = {
				ALWAYS_SEARCH_USER_PATHS = NO;
				CLANG_ANALYZER_NONNULL = YES;
				CLANG_ANALYZER_NUMBER_OBJECT_CONVERSION = YES_AGGRESSIVE;
				CLANG_CXX_LANGUAGE_STANDARD = "gnu++14";
				CLANG_CXX_LIBRARY = "libc++";
				CLANG_ENABLE_MODULES = YES;
				CLANG_ENABLE_OBJC_ARC = YES;
				CLANG_ENABLE_OBJC_WEAK = YES;
				CLANG_WARN_BLOCK_CAPTURE_AUTORELEASING = YES;
				CLANG_WARN_BOOL_CONVERSION = YES;
				CLANG_WARN_COMMA = YES;
				CLANG_WARN_CONSTANT_CONVERSION = YES;
				CLANG_WARN_DEPRECATED_OBJC_IMPLEMENTATIONS = YES;
				CLANG_WARN_DIRECT_OBJC_ISA_USAGE = YES_ERROR;
				CLANG_WARN_DOCUMENTATION_COMMENTS = YES;
				CLANG_WARN_EMPTY_BODY = YES;
				CLANG_WARN_ENUM_CONVERSION = YES;
				CLANG_WARN_INFINITE_RECURSION = YES;
				CLANG_WARN_INT_CONVERSION = YES;
				CLANG_WARN_NON_LITERAL_NULL_CONVERSION = YES;
				CLANG_WARN_OBJC_IMPLICIT_RETAIN_SELF = YES;
				CLANG_WARN_OBJC_LITERAL_CONVERSION = YES;
				CLANG_WARN_OBJC_ROOT_CLASS = YES_ERROR;
				CLANG_WARN_RANGE_LOOP_ANALYSIS = YES;
				CLANG_WARN_STRICT_PROTOTYPES = YES;
				CLANG_WARN_SUSPICIOUS_MOVE = YES;
				CLANG_WARN_UNGUARDED_AVAILABILITY = YES_AGGRESSIVE;
				CLANG_WARN_UNREACHABLE_CODE = YES;
				CLANG_WARN__DUPLICATE_METHOD_MATCH = YES;
				CODE_SIGN_IDENTITY = "iPhone Developer";
				COPY_PHASE_STRIP = NO;
				DEBUG_INFORMATION_FORMAT = "dwarf-with-dsym";
				ENABLE_NS_ASSERTIONS = NO;
				ENABLE_STRICT_OBJC_MSGSEND = YES;
				GCC_C_LANGUAGE_STANDARD = gnu11;
				GCC_NO_COMMON_BLOCKS = YES;
				GCC_WARN_64_TO_32_BIT_CONVERSION = YES;
				GCC_WARN_ABOUT_RETURN_TYPE = YES_ERROR;
				GCC_WARN_UNDECLARED_SELECTOR = YES;
				GCC_WARN_UNINITIALIZED_AUTOS = YES_AGGRESSIVE;
				GCC_WARN_UNUSED_FUNCTION = YES;
				GCC_WARN_UNUSED_VARIABLE = YES;
				IPHONEOS_DEPLOYMENT_TARGET = 11.4;
				MTL_ENABLE_DEBUG_INFO = NO;
				SDKROOT = iphoneos;
				SWIFT_COMPILATION_MODE = wholemodule;
				SWIFT_OPTIMIZATION_LEVEL = "-O";
				VALIDATE_PRODUCT = YES;
			};
			name = Release;
		};
		34C7576E212A035B009AD442 /* Debug */ = {
			isa = XCBuildConfiguration;
			buildSettings = {
				ASSETCATALOG_COMPILER_APPICON_NAME = AppIcon;
				CODE_SIGN_STYLE = Automatic;
				DEVELOPMENT_TEAM = R2AJM7P827;
				INFOPLIST_FILE = WeatherSearchCity/Info.plist;
				LD_RUNPATH_SEARCH_PATHS = (
					"$(inherited)",
					"@executable_path/Frameworks",
				);
				PRODUCT_BUNDLE_IDENTIFIER = "coding-jason.WeatherSearchCity";
				PRODUCT_NAME = "$(TARGET_NAME)";
				SWIFT_VERSION = 4.0;
				TARGETED_DEVICE_FAMILY = "1,2";
			};
			name = Debug;
		};
		34C7576F212A035B009AD442 /* Release */ = {
			isa = XCBuildConfiguration;
			buildSettings = {
				ASSETCATALOG_COMPILER_APPICON_NAME = AppIcon;
				CODE_SIGN_STYLE = Automatic;
				DEVELOPMENT_TEAM = R2AJM7P827;
				INFOPLIST_FILE = WeatherSearchCity/Info.plist;
				LD_RUNPATH_SEARCH_PATHS = (
					"$(inherited)",
					"@executable_path/Frameworks",
				);
				PRODUCT_BUNDLE_IDENTIFIER = "coding-jason.WeatherSearchCity";
				PRODUCT_NAME = "$(TARGET_NAME)";
				SWIFT_VERSION = 4.0;
				TARGETED_DEVICE_FAMILY = "1,2";
			};
			name = Release;
		};
		34C75771212A035B009AD442 /* Debug */ = {
			isa = XCBuildConfiguration;
			buildSettings = {
				ALWAYS_EMBED_SWIFT_STANDARD_LIBRARIES = YES;
				BUNDLE_LOADER = "$(TEST_HOST)";
				CODE_SIGN_STYLE = Automatic;
				DEVELOPMENT_TEAM = R2AJM7P827;
				INFOPLIST_FILE = WeatherSearchCityTests/Info.plist;
				LD_RUNPATH_SEARCH_PATHS = (
					"$(inherited)",
					"@executable_path/Frameworks",
					"@loader_path/Frameworks",
				);
				PRODUCT_BUNDLE_IDENTIFIER = "coding-jason.WeatherSearchCityTests";
				PRODUCT_NAME = "$(TARGET_NAME)";
				SWIFT_VERSION = 4.0;
				TARGETED_DEVICE_FAMILY = "1,2";
				TEST_HOST = "$(BUILT_PRODUCTS_DIR)/WeatherSearchCity.app/WeatherSearchCity";
			};
			name = Debug;
		};
		34C75772212A035B009AD442 /* Release */ = {
			isa = XCBuildConfiguration;
			buildSettings = {
				ALWAYS_EMBED_SWIFT_STANDARD_LIBRARIES = YES;
				BUNDLE_LOADER = "$(TEST_HOST)";
				CODE_SIGN_STYLE = Automatic;
				DEVELOPMENT_TEAM = R2AJM7P827;
				INFOPLIST_FILE = WeatherSearchCityTests/Info.plist;
				LD_RUNPATH_SEARCH_PATHS = (
					"$(inherited)",
					"@executable_path/Frameworks",
					"@loader_path/Frameworks",
				);
				PRODUCT_BUNDLE_IDENTIFIER = "coding-jason.WeatherSearchCityTests";
				PRODUCT_NAME = "$(TARGET_NAME)";
				SWIFT_VERSION = 4.0;
				TARGETED_DEVICE_FAMILY = "1,2";
				TEST_HOST = "$(BUILT_PRODUCTS_DIR)/WeatherSearchCity.app/WeatherSearchCity";
			};
			name = Release;
		};
		34C75774212A035B009AD442 /* Debug */ = {
			isa = XCBuildConfiguration;
			buildSettings = {
				ALWAYS_EMBED_SWIFT_STANDARD_LIBRARIES = YES;
				CODE_SIGN_STYLE = Automatic;
				DEVELOPMENT_TEAM = R2AJM7P827;
				INFOPLIST_FILE = WeatherSearchCityUITests/Info.plist;
				LD_RUNPATH_SEARCH_PATHS = (
					"$(inherited)",
					"@executable_path/Frameworks",
					"@loader_path/Frameworks",
				);
				PRODUCT_BUNDLE_IDENTIFIER = "coding-jason.WeatherSearchCityUITests";
				PRODUCT_NAME = "$(TARGET_NAME)";
				SWIFT_VERSION = 4.0;
				TARGETED_DEVICE_FAMILY = "1,2";
				TEST_TARGET_NAME = WeatherSearchCity;
			};
			name = Debug;
		};
		34C75775212A035B009AD442 /* Release */ = {
			isa = XCBuildConfiguration;
			buildSettings = {
				ALWAYS_EMBED_SWIFT_STANDARD_LIBRARIES = YES;
				CODE_SIGN_STYLE = Automatic;
				DEVELOPMENT_TEAM = R2AJM7P827;
				INFOPLIST_FILE = WeatherSearchCityUITests/Info.plist;
				LD_RUNPATH_SEARCH_PATHS = (
					"$(inherited)",
					"@executable_path/Frameworks",
					"@loader_path/Frameworks",
				);
				PRODUCT_BUNDLE_IDENTIFIER = "coding-jason.WeatherSearchCityUITests";
				PRODUCT_NAME = "$(TARGET_NAME)";
				SWIFT_VERSION = 4.0;
				TARGETED_DEVICE_FAMILY = "1,2";
				TEST_TARGET_NAME = WeatherSearchCity;
			};
			name = Release;
		};
/* End XCBuildConfiguration section */

/* Begin XCConfigurationList section */
		34C7573D212A035A009AD442 /* Build configuration list for PBXProject "WeatherSearchCity" */ = {
			isa = XCConfigurationList;
			buildConfigurations = (
				34C7576B212A035B009AD442 /* Debug */,
				34C7576C212A035B009AD442 /* Release */,
			);
			defaultConfigurationIsVisible = 0;
			defaultConfigurationName = Release;
		};
		34C7576D212A035B009AD442 /* Build configuration list for PBXNativeTarget "WeatherSearchCity" */ = {
			isa = XCConfigurationList;
			buildConfigurations = (
				34C7576E212A035B009AD442 /* Debug */,
				34C7576F212A035B009AD442 /* Release */,
			);
			defaultConfigurationIsVisible = 0;
			defaultConfigurationName = Release;
		};
		34C75770212A035B009AD442 /* Build configuration list for PBXNativeTarget "WeatherSearchCityTests" */ = {
			isa = XCConfigurationList;
			buildConfigurations = (
				34C75771212A035B009AD442 /* Debug */,
				34C75772212A035B009AD442 /* Release */,
			);
			defaultConfigurationIsVisible = 0;
			defaultConfigurationName = Release;
		};
		34C75773212A035B009AD442 /* Build configuration list for PBXNativeTarget "WeatherSearchCityUITests" */ = {
			isa = XCConfigurationList;
			buildConfigurations = (
				34C75774212A035B009AD442 /* Debug */,
				34C75775212A035B009AD442 /* Release */,
			);
			defaultConfigurationIsVisible = 0;
			defaultConfigurationName = Release;
		};
/* End XCConfigurationList section */

/* Begin XCVersionGroup section */
		34C7574C212A035A009AD442 /* WeatherSearchCity.xcdatamodeld */ = {
			isa = XCVersionGroup;
			children = (
				34C7574D212A035A009AD442 /* WeatherSearchCity.xcdatamodel */,
			);
			currentVersion = 34C7574D212A035A009AD442 /* WeatherSearchCity.xcdatamodel */;
			path = WeatherSearchCity.xcdatamodeld;
			sourceTree = "<group>";
			versionGroupType = wrapper.xcdatamodel;
		};
/* End XCVersionGroup section */
	};
	rootObject = 34C7573A212A035A009AD442 /* Project object */;
}
